
Microsoft Visual Studio Solution File, Format Version 12.00
# Visual Studio Version 17
VisualStudioVersion = 17.5.002.0
MinimumVisualStudioVersion = 10.0.40219.1
Project("{9A19103F-16F7-4668-BE54-9A1E7A4F7556}") = "DOANXUANTOAN", "DOANXUANTOAN.csproj", "{5AEF1A46-951D-4386-9E49-13CBE3AD0AC9}"
EndProject
Global
	GlobalSection(SolutionConfigurationPlatforms) = preSolution
		Debug|Any CPU = Debug|Any CPU
		Release|Any CPU = Release|Any CPU
	EndGlobalSection
	GlobalSection(ProjectConfigurationPlatforms) = postSolution
		{5AEF1A46-951D-4386-9E49-13CBE3AD0AC9}.Debug|Any CPU.ActiveCfg = Debug|Any CPU
		{5AEF1A46-951D-4386-9E49-13CBE3AD0AC9}.Debug|Any CPU.Build.0 = Debug|Any CPU
		{5AEF1A46-951D-4386-9E49-13CBE3AD0AC9}.Release|Any CPU.ActiveCfg = Release|Any CPU
		{5AEF1A46-951D-4386-9E49-13CBE3AD0AC9}.Release|Any CPU.Build.0 = Release|Any CPU
	EndGlobalSection
	GlobalSection(SolutionProperties) = preSolution
		HideSolutionNode = FALSE
	EndGlobalSection
	GlobalSection(ExtensibilityGlobals) = postSolution
		SolutionGuid = {99E90179-115A-4E05-902E-369374D14011}
	EndGlobalSection
EndGlobal
